// !$*UTF8*$!
{
	archiveVersion = 1;
	classes = {
	};
	objectVersion = 77;
	objects = {

/* Begin PBXBuildFile section */
		5D3BD8E22DC81756005F4487 /* Untitled.swift in Sources */ = {isa = PBXBuildFile; fileRef = 5D3BD8E12DC81755005F4487 /* Untitled.swift */; };
		5D3BD8E32DC81756005F4487 /* PhotoOCRView.swift in Sources */ = {isa = PBXBuildFile; fileRef = 5D3BD8E02DC81755005F4487 /* PhotoOCRView.swift */; };
		5DD8A89D2DB537370059B368 /* eng.traineddata in Resources */ = {isa = PBXBuildFile; fileRef = 5DD8A89C2DB537370059B368 /* eng.traineddata */; };
		5DF2AB282DC93D0400B8E1C1 /* FirebaseAnalytics in Frameworks */ = {isa = PBXBuildFile; productRef = 5D849D472DC6ABEE00FFDE7E /* FirebaseAnalytics */; };
		5DF2AB292DC93D0400B8E1C1 /* FirebaseAuth in Frameworks */ = {isa = PBXBuildFile; productRef = 5D849D492DC6ABEE00FFDE7E /* FirebaseAuth */; };
		5DF2AB2A2DC93D0400B8E1C1 /* FirebaseCore in Frameworks */ = {isa = PBXBuildFile; productRef = 5D849D4B2DC6ABEE00FFDE7E /* FirebaseCore */; };
		5DF2AB2B2DC93D0400B8E1C1 /* FirebaseFirestore in Frameworks */ = {isa = PBXBuildFile; productRef = 5D849D4D2DC6ABEE00FFDE7E /* FirebaseFirestore */; };
		5DF2AB2C2DC93D0400B8E1C1 /* GoogleSignIn in Frameworks */ = {isa = PBXBuildFile; productRef = 5D849D502DC6C49F00FFDE7E /* GoogleSignIn */; };
		5DF2AB2D2DC93D0400B8E1C1 /* GoogleSignInSwift in Frameworks */ = {isa = PBXBuildFile; productRef = 5D849D522DC6C49F00FFDE7E /* GoogleSignInSwift */; };
		5DF2AB2E2DC93D0400B8E1C1 /* FirebaseFirestoreCombine-Community in Frameworks */ = {isa = PBXBuildFile; productRef = 5D3BD8382DC80F60005F4487 /* FirebaseFirestoreCombine-Community */; };
		5DF2AB2F2DC93D0400B8E1C1 /* FirebaseInAppMessaging-Beta in Frameworks */ = {isa = PBXBuildFile; productRef = 5D3BD83A2DC80F60005F4487 /* FirebaseInAppMessaging-Beta */; };
		5DF2AB302DC93D0400B8E1C1 /* FirebaseMessaging in Frameworks */ = {isa = PBXBuildFile; productRef = 5D3BD83C2DC80F60005F4487 /* FirebaseMessaging */; };
		5DF2AB312DC93D0400B8E1C1 /* FirebaseStorage in Frameworks */ = {isa = PBXBuildFile; productRef = 5D3BD83E2DC80F60005F4487 /* FirebaseStorage */; };
/* End PBXBuildFile section */

/* Begin PBXContainerItemProxy section */
		5D1950B32DB518A00099CE8E /* PBXContainerItemProxy */ = {
			isa = PBXContainerItemProxy;
			containerPortal = 5D19509B2DB5189E0099CE8E /* Project object */;
			proxyType = 1;
			remoteGlobalIDString = 5D1950A22DB5189E0099CE8E;
			remoteInfo = LinguaLens;
		};
		5D1950BD2DB518A00099CE8E /* PBXContainerItemProxy */ = {
			isa = PBXContainerItemProxy;
			containerPortal = 5D19509B2DB5189E0099CE8E /* Project object */;
			proxyType = 1;
			remoteGlobalIDString = 5D1950A22DB5189E0099CE8E;
			remoteInfo = LinguaLens;
		};
/* End PBXContainerItemProxy section */

/* Begin PBXFileReference section */
		5D1950A32DB5189E0099CE8E /* LinguaLens.app */ = {isa = PBXFileReference; explicitFileType = wrapper.application; includeInIndex = 0; path = LinguaLens.app; sourceTree = BUILT_PRODUCTS_DIR; };
		5D1950B22DB518A00099CE8E /* LinguaLensTests.xctest */ = {isa = PBXFileReference; explicitFileType = wrapper.cfbundle; includeInIndex = 0; path = LinguaLensTests.xctest; sourceTree = BUILT_PRODUCTS_DIR; };
		5D1950BC2DB518A00099CE8E /* LinguaLensUITests.xctest */ = {isa = PBXFileReference; explicitFileType = wrapper.cfbundle; includeInIndex = 0; path = LinguaLensUITests.xctest; sourceTree = BUILT_PRODUCTS_DIR; };
		5D3BD8E02DC81755005F4487 /* PhotoOCRView.swift */ = {isa = PBXFileReference; lastKnownFileType = sourcecode.swift; path = PhotoOCRView.swift; sourceTree = "<group>"; };
		5D3BD8E12DC81755005F4487 /* Untitled.swift */ = {isa = PBXFileReference; lastKnownFileType = sourcecode.swift; path = Untitled.swift; sourceTree = "<group>"; };
		5DD8A89C2DB537370059B368 /* eng.traineddata */ = {isa = PBXFileReference; lastKnownFileType = file; path = eng.traineddata; sourceTree = "<group>"; };
/* End PBXFileReference section */

/* Begin PBXFileSystemSynchronizedBuildFileExceptionSet section */
		5D849D9B2DC6D90600FFDE7E /* Exceptions for "LinguaLens" folder in "LinguaLens" target */ = {
			isa = PBXFileSystemSynchronizedBuildFileExceptionSet;
			membershipExceptions = (
				Info.plist,
			);
			target = 5D1950A22DB5189E0099CE8E /* LinguaLens */;
		};
/* End PBXFileSystemSynchronizedBuildFileExceptionSet section */

/* Begin PBXFileSystemSynchronizedRootGroup section */
		5D1950A52DB5189E0099CE8E /* LinguaLens */ = {
			isa = PBXFileSystemSynchronizedRootGroup;
			exceptions = (
				5D849D9B2DC6D90600FFDE7E /* Exceptions for "LinguaLens" folder in "LinguaLens" target */,
			);
			path = LinguaLens;
			sourceTree = "<group>";
		};
		5D1950B52DB518A00099CE8E /* LinguaLensTests */ = {
			isa = PBXFileSystemSynchronizedRootGroup;
			path = LinguaLensTests;
			sourceTree = "<group>";
		};
		5D1950BF2DB518A00099CE8E /* LinguaLensUITests */ = {
			isa = PBXFileSystemSynchronizedRootGroup;
			path = LinguaLensUITests;
			sourceTree = "<group>";
		};
/* End PBXFileSystemSynchronizedRootGroup section */

/* Begin PBXFrameworksBuildPhase section */
		5D1950AF2DB518A00099CE8E /* Frameworks */ = {
			isa = PBXFrameworksBuildPhase;
			buildActionMask = 2147483647;
			files = (
			);
			runOnlyForDeploymentPostprocessing = 0;
		};
		5D1950B92DB518A00099CE8E /* Frameworks */ = {
			isa = PBXFrameworksBuildPhase;
			buildActionMask = 2147483647;
			files = (
			);
			runOnlyForDeploymentPostprocessing = 0;
		};
		5D9D70C82DC82FF700757E97 /* Frameworks */ = {
			isa = PBXFrameworksBuildPhase;
			buildActionMask = 2147483647;
			files = (
				5DF2AB312DC93D0400B8E1C1 /* FirebaseStorage in Frameworks */,
				5DF2AB302DC93D0400B8E1C1 /* FirebaseMessaging in Frameworks */,
				5DF2AB2F2DC93D0400B8E1C1 /* FirebaseInAppMessaging-Beta in Frameworks */,
				5DF2AB2E2DC93D0400B8E1C1 /* FirebaseFirestoreCombine-Community in Frameworks */,
				5DF2AB2D2DC93D0400B8E1C1 /* GoogleSignInSwift in Frameworks */,
				5DF2AB2C2DC93D0400B8E1C1 /* GoogleSignIn in Frameworks */,
				5DF2AB2B2DC93D0400B8E1C1 /* FirebaseFirestore in Frameworks */,
				5DF2AB2A2DC93D0400B8E1C1 /* FirebaseCore in Frameworks */,
				5DF2AB292DC93D0400B8E1C1 /* FirebaseAuth in Frameworks */,
				5DF2AB282DC93D0400B8E1C1 /* FirebaseAnalytics in Frameworks */,
			);
			runOnlyForDeploymentPostprocessing = 0;
		};
/* End PBXFrameworksBuildPhase section */

/* Begin PBXGroup section */
		5D19509A2DB5189E0099CE8E = {
			isa = PBXGroup;
			children = (
				5D3BD8E02DC81755005F4487 /* PhotoOCRView.swift */,
				5D3BD8E12DC81755005F4487 /* Untitled.swift */,
				5DD8A89C2DB537370059B368 /* eng.traineddata */,
				5D1950A52DB5189E0099CE8E /* LinguaLens */,
				5D1950B52DB518A00099CE8E /* LinguaLensTests */,
				5D1950BF2DB518A00099CE8E /* LinguaLensUITests */,
				5D1950A42DB5189E0099CE8E /* Products */,
			);
			sourceTree = "<group>";
		};
		5D1950A42DB5189E0099CE8E /* Products */ = {
			isa = PBXGroup;
			children = (
				5D1950A32DB5189E0099CE8E /* LinguaLens.app */,
				5D1950B22DB518A00099CE8E /* LinguaLensTests.xctest */,
				5D1950BC2DB518A00099CE8E /* LinguaLensUITests.xctest */,
			);
			name = Products;
			sourceTree = "<group>";
		};
/* End PBXGroup section */

/* Begin PBXNativeTarget section */
		5D1950A22DB5189E0099CE8E /* LinguaLens */ = {
			isa = PBXNativeTarget;
			buildConfigurationList = 5D1950C62DB518A00099CE8E /* Build configuration list for PBXNativeTarget "LinguaLens" */;
			buildPhases = (
				1ACB7631A403D4A0293F5E5F /* [CP] Check Pods Manifest.lock */,
				5D19509F2DB5189E0099CE8E /* Sources */,
				5D1950A12DB5189E0099CE8E /* Resources */,
				5D9D70C82DC82FF700757E97 /* Frameworks */,
				DBABE5C1592EDCA528DE8FBF /* [CP] Embed Pods Frameworks */,
			);
			buildRules = (
			);
			dependencies = (
			);
			fileSystemSynchronizedGroups = (
				5D1950A52DB5189E0099CE8E /* LinguaLens */,
			);
			name = LinguaLens;
			packageProductDependencies = (
				5D849D472DC6ABEE00FFDE7E /* FirebaseAnalytics */,
				5D849D492DC6ABEE00FFDE7E /* FirebaseAuth */,
				5D849D4B2DC6ABEE00FFDE7E /* FirebaseCore */,
				5D849D4D2DC6ABEE00FFDE7E /* FirebaseFirestore */,
				5D849D502DC6C49F00FFDE7E /* GoogleSignIn */,
				5D849D522DC6C49F00FFDE7E /* GoogleSignInSwift */,
				5D3BD8382DC80F60005F4487 /* FirebaseFirestoreCombine-Community */,
				5D3BD83A2DC80F60005F4487 /* FirebaseInAppMessaging-Beta */,
				5D3BD83C2DC80F60005F4487 /* FirebaseMessaging */,
				5D3BD83E2DC80F60005F4487 /* FirebaseStorage */,
			);
			productName = LinguaLens;
			productReference = 5D1950A32DB5189E0099CE8E /* LinguaLens.app */;
			productType = "com.apple.product-type.application";
		};
		5D1950B12DB518A00099CE8E /* LinguaLensTests */ = {
			isa = PBXNativeTarget;
			buildConfigurationList = 5D1950C92DB518A00099CE8E /* Build configuration list for PBXNativeTarget "LinguaLensTests" */;
			buildPhases = (
				5D1950AE2DB518A00099CE8E /* Sources */,
				5D1950AF2DB518A00099CE8E /* Frameworks */,
				5D1950B02DB518A00099CE8E /* Resources */,
			);
			buildRules = (
			);
			dependencies = (
				5D1950B42DB518A00099CE8E /* PBXTargetDependency */,
			);
			fileSystemSynchronizedGroups = (
				5D1950B52DB518A00099CE8E /* LinguaLensTests */,
			);
			name = LinguaLensTests;
			productName = LinguaLensTests;
			productReference = 5D1950B22DB518A00099CE8E /* LinguaLensTests.xctest */;
			productType = "com.apple.product-type.bundle.unit-test";
		};
		5D1950BB2DB518A00099CE8E /* LinguaLensUITests */ = {
			isa = PBXNativeTarget;
			buildConfigurationList = 5D1950CC2DB518A00099CE8E /* Build configuration list for PBXNativeTarget "LinguaLensUITests" */;
			buildPhases = (
				5D1950B82DB518A00099CE8E /* Sources */,
				5D1950B92DB518A00099CE8E /* Frameworks */,
				5D1950BA2DB518A00099CE8E /* Resources */,
			);
			buildRules = (
			);
			dependencies = (
				5D1950BE2DB518A00099CE8E /* PBXTargetDependency */,
			);
			fileSystemSynchronizedGroups = (
				5D1950BF2DB518A00099CE8E /* LinguaLensUITests */,
			);
			name = LinguaLensUITests;
			productName = LinguaLensUITests;
			productReference = 5D1950BC2DB518A00099CE8E /* LinguaLensUITests.xctest */;
			productType = "com.apple.product-type.bundle.ui-testing";
		};
/* End PBXNativeTarget section */

/* Begin PBXProject section */
		5D19509B2DB5189E0099CE8E /* Project object */ = {
			isa = PBXProject;
			attributes = {
				BuildIndependentTargetsInParallel = 1;
				LastSwiftUpdateCheck = 1630;
				LastUpgradeCheck = 1630;
				TargetAttributes = {
					5D1950A22DB5189E0099CE8E = {
						CreatedOnToolsVersion = 16.3;
					};
					5D1950B12DB518A00099CE8E = {
						CreatedOnToolsVersion = 16.3;
						TestTargetID = 5D1950A22DB5189E0099CE8E;
					};
					5D1950BB2DB518A00099CE8E = {
						CreatedOnToolsVersion = 16.3;
						TestTargetID = 5D1950A22DB5189E0099CE8E;
					};
				};
			};
			buildConfigurationList = 5D19509E2DB5189E0099CE8E /* Build configuration list for PBXProject "LinguaLens" */;
			developmentRegion = en;
			hasScannedForEncodings = 0;
			knownRegions = (
				en,
				Base,
			);
			mainGroup = 5D19509A2DB5189E0099CE8E;
			minimizedProjectReferenceProxies = 1;
			packageReferences = (
				5DD8A89B2DB536F20059B368 /* XCRemoteSwiftPackageReference "SwiftyTesseract" */,
				5D849D462DC6ABEE00FFDE7E /* XCRemoteSwiftPackageReference "firebase-ios-sdk" */,
				5D849D4F2DC6C49F00FFDE7E /* XCRemoteSwiftPackageReference "GoogleSignIn-iOS" */,
			);
			preferredProjectObjectVersion = 77;
			productRefGroup = 5D1950A42DB5189E0099CE8E /* Products */;
			projectDirPath = "";
			projectRoot = "";
			targets = (
				5D1950A22DB5189E0099CE8E /* LinguaLens */,
				5D1950B12DB518A00099CE8E /* LinguaLensTests */,
				5D1950BB2DB518A00099CE8E /* LinguaLensUITests */,
			);
		};
/* End PBXProject section */

/* Begin PBXResourcesBuildPhase section */
		5D1950A12DB5189E0099CE8E /* Resources */ = {
			isa = PBXResourcesBuildPhase;
			buildActionMask = 2147483647;
			files = (
				5DD8A89D2DB537370059B368 /* eng.traineddata in Resources */,
			);
			runOnlyForDeploymentPostprocessing = 0;
		};
		5D1950B02DB518A00099CE8E /* Resources */ = {
			isa = PBXResourcesBuildPhase;
			buildActionMask = 2147483647;
			files = (
			);
			runOnlyForDeploymentPostprocessing = 0;
		};
		5D1950BA2DB518A00099CE8E /* Resources */ = {
			isa = PBXResourcesBuildPhase;
			buildActionMask = 2147483647;
			files = (
			);
			runOnlyForDeploymentPostprocessing = 0;
		};
/* End PBXResourcesBuildPhase section */

/* Begin PBXShellScriptBuildPhase section */
		1ACB7631A403D4A0293F5E5F /* [CP] Check Pods Manifest.lock */ = {
			isa = PBXShellScriptBuildPhase;
			buildActionMask = 2147483647;
			files = (
			);
			inputFileListPaths = (
			);
			inputPaths = (
				"${PODS_PODFILE_DIR_PATH}/Podfile.lock",
				"${PODS_ROOT}/Manifest.lock",
			);
			name = "[CP] Check Pods Manifest.lock";
			outputFileListPaths = (
			);
			outputPaths = (
				"$(DERIVED_FILE_DIR)/Pods-LinguaLens-checkManifestLockResult.txt",
			);
			runOnlyForDeploymentPostprocessing = 0;
			shellPath = /bin/sh;
			shellScript = "diff \"${PODS_PODFILE_DIR_PATH}/Podfile.lock\" \"${PODS_ROOT}/Manifest.lock\" > /dev/null\nif [ $? != 0 ] ; then\n    # print error to STDERR\n    echo \"error: The sandbox is not in sync with the Podfile.lock. Run 'pod install' or update your CocoaPods installation.\" >&2\n    exit 1\nfi\n# This output is used by Xcode 'outputs' to avoid re-running this script phase.\necho \"SUCCESS\" > \"${SCRIPT_OUTPUT_FILE_0}\"\n";
			showEnvVarsInLog = 0;
		};
		DBABE5C1592EDCA528DE8FBF /* [CP] Embed Pods Frameworks */ = {
			isa = PBXShellScriptBuildPhase;
			buildActionMask = 2147483647;
			files = (
			);
			inputFileListPaths = (
				"${PODS_ROOT}/Target Support Files/Pods-LinguaLens/Pods-LinguaLens-frameworks-${CONFIGURATION}-input-files.xcfilelist",
			);
			inputPaths = (
			);
			name = "[CP] Embed Pods Frameworks";
			outputFileListPaths = (
				"${PODS_ROOT}/Target Support Files/Pods-LinguaLens/Pods-LinguaLens-frameworks-${CONFIGURATION}-output-files.xcfilelist",
			);
			outputPaths = (
			);
			runOnlyForDeploymentPostprocessing = 0;
			shellPath = /bin/sh;
			shellScript = "\"${PODS_ROOT}/Target Support Files/Pods-LinguaLens/Pods-LinguaLens-frameworks.sh\"\n";
			showEnvVarsInLog = 0;
		};
/* End PBXShellScriptBuildPhase section */

/* Begin PBXSourcesBuildPhase section */
		5D19509F2DB5189E0099CE8E /* Sources */ = {
			isa = PBXSourcesBuildPhase;
			buildActionMask = 2147483647;
			files = (
				5D3BD8E22DC81756005F4487 /* Untitled.swift in Sources */,
				5D3BD8E32DC81756005F4487 /* PhotoOCRView.swift in Sources */,
			);
			runOnlyForDeploymentPostprocessing = 0;
		};
		5D1950AE2DB518A00099CE8E /* Sources */ = {
			isa = PBXSourcesBuildPhase;
			buildActionMask = 2147483647;
			files = (
			);
			runOnlyForDeploymentPostprocessing = 0;
		};
		5D1950B82DB518A00099CE8E /* Sources */ = {
			isa = PBXSourcesBuildPhase;
			buildActionMask = 2147483647;
			files = (
			);
			runOnlyForDeploymentPostprocessing = 0;
		};
/* End PBXSourcesBuildPhase section */

/* Begin PBXTargetDependency section */
		5D1950B42DB518A00099CE8E /* PBXTargetDependency */ = {
			isa = PBXTargetDependency;
			target = 5D1950A22DB5189E0099CE8E /* LinguaLens */;
			targetProxy = 5D1950B32DB518A00099CE8E /* PBXContainerItemProxy */;
		};
		5D1950BE2DB518A00099CE8E /* PBXTargetDependency */ = {
			isa = PBXTargetDependency;
			target = 5D1950A22DB5189E0099CE8E /* LinguaLens */;
			targetProxy = 5D1950BD2DB518A00099CE8E /* PBXContainerItemProxy */;
		};
/* End PBXTargetDependency section */

/* Begin XCBuildConfiguration section */
		5D1950C42DB518A00099CE8E /* Debug */ = {
			isa = XCBuildConfiguration;
			buildSettings = {
				ALWAYS_SEARCH_USER_PATHS = NO;
				ASSETCATALOG_COMPILER_GENERATE_SWIFT_ASSET_SYMBOL_EXTENSIONS = YES;
				CLANG_ANALYZER_NONNULL = YES;
				CLANG_ANALYZER_NUMBER_OBJECT_CONVERSION = YES_AGGRESSIVE;
				CLANG_CXX_LANGUAGE_STANDARD = "gnu++20";
				CLANG_ENABLE_MODULES = YES;
				CLANG_ENABLE_OBJC_ARC = YES;
				CLANG_ENABLE_OBJC_WEAK = YES;
				CLANG_WARN_BLOCK_CAPTURE_AUTORELEASING = YES;
				CLANG_WARN_BOOL_CONVERSION = YES;
				CLANG_WARN_COMMA = YES;
				CLANG_WARN_CONSTANT_CONVERSION = YES;
				CLANG_WARN_DEPRECATED_OBJC_IMPLEMENTATIONS = YES;
				CLANG_WARN_DIRECT_OBJC_ISA_USAGE = YES_ERROR;
				CLANG_WARN_DOCUMENTATION_COMMENTS = YES;
				CLANG_WARN_EMPTY_BODY = YES;
				CLANG_WARN_ENUM_CONVERSION = YES;
				CLANG_WARN_INFINITE_RECURSION = YES;
				CLANG_WARN_INT_CONVERSION = YES;
				CLANG_WARN_NON_LITERAL_NULL_CONVERSION = YES;
				CLANG_WARN_OBJC_IMPLICIT_RETAIN_SELF = YES;
				CLANG_WARN_OBJC_LITERAL_CONVERSION = YES;
				CLANG_WARN_OBJC_ROOT_CLASS = YES_ERROR;
				CLANG_WARN_QUOTED_INCLUDE_IN_FRAMEWORK_HEADER = YES;
				CLANG_WARN_RANGE_LOOP_ANALYSIS = YES;
				CLANG_WARN_STRICT_PROTOTYPES = YES;
				CLANG_WARN_SUSPICIOUS_MOVE = YES;
				CLANG_WARN_UNGUARDED_AVAILABILITY = YES_AGGRESSIVE;
				CLANG_WARN_UNREACHABLE_CODE = YES;
				CLANG_WARN__DUPLICATE_METHOD_MATCH = YES;
				COPY_PHASE_STRIP = NO;
				DEBUG_INFORMATION_FORMAT = dwarf;
				DEVELOPMENT_TEAM = 9MR2493467;
				ENABLE_STRICT_OBJC_MSGSEND = YES;
				ENABLE_TESTABILITY = YES;
				ENABLE_USER_SCRIPT_SANDBOXING = YES;
				GCC_C_LANGUAGE_STANDARD = gnu17;
				GCC_DYNAMIC_NO_PIC = NO;
				GCC_NO_COMMON_BLOCKS = YES;
				GCC_OPTIMIZATION_LEVEL = 0;
				GCC_PREPROCESSOR_DEFINITIONS = (
					"DEBUG=1",
					"$(inherited)",
				);
				GCC_WARN_64_TO_32_BIT_CONVERSION = YES;
				GCC_WARN_ABOUT_RETURN_TYPE = YES_ERROR;
				GCC_WARN_UNDECLARED_SELECTOR = YES;
				GCC_WARN_UNINITIALIZED_AUTOS = YES_AGGRESSIVE;
				GCC_WARN_UNUSED_FUNCTION = YES;
				GCC_WARN_UNUSED_VARIABLE = YES;
				IPHONEOS_DEPLOYMENT_TARGET = 17.6;
				LOCALIZATION_PREFERS_STRING_CATALOGS = YES;
				MTL_ENABLE_DEBUG_INFO = INCLUDE_SOURCE;
				MTL_FAST_MATH = YES;
				ONLY_ACTIVE_ARCH = YES;
				SDKROOT = iphoneos;
				SWIFT_ACTIVE_COMPILATION_CONDITIONS = "DEBUG $(inherited)";
				SWIFT_OPTIMIZATION_LEVEL = "-Onone";
			};
			name = Debug;
		};
		5D1950C52DB518A00099CE8E /* Release */ = {
			isa = XCBuildConfiguration;
			buildSettings = {
				ALWAYS_SEARCH_USER_PATHS = NO;
				ASSETCATALOG_COMPILER_GENERATE_SWIFT_ASSET_SYMBOL_EXTENSIONS = YES;
				CLANG_ANALYZER_NONNULL = YES;
				CLANG_ANALYZER_NUMBER_OBJECT_CONVERSION = YES_AGGRESSIVE;
				CLANG_CXX_LANGUAGE_STANDARD = "gnu++20";
				CLANG_ENABLE_MODULES = YES;
				CLANG_ENABLE_OBJC_ARC = YES;
				CLANG_ENABLE_OBJC_WEAK = YES;
				CLANG_WARN_BLOCK_CAPTURE_AUTORELEASING = YES;
				CLANG_WARN_BOOL_CONVERSION = YES;
				CLANG_WARN_COMMA = YES;
				CLANG_WARN_CONSTANT_CONVERSION = YES;
				CLANG_WARN_DEPRECATED_OBJC_IMPLEMENTATIONS = YES;
				CLANG_WARN_DIRECT_OBJC_ISA_USAGE = YES_ERROR;
				CLANG_WARN_DOCUMENTATION_COMMENTS = YES;
				CLANG_WARN_EMPTY_BODY = YES;
				CLANG_WARN_ENUM_CONVERSION = YES;
				CLANG_WARN_INFINITE_RECURSION = YES;
				CLANG_WARN_INT_CONVERSION = YES;
				CLANG_WARN_NON_LITERAL_NULL_CONVERSION = YES;
				CLANG_WARN_OBJC_IMPLICIT_RETAIN_SELF = YES;
				CLANG_WARN_OBJC_LITERAL_CONVERSION = YES;
				CLANG_WARN_OBJC_ROOT_CLASS = YES_ERROR;
				CLANG_WARN_QUOTED_INCLUDE_IN_FRAMEWORK_HEADER = YES;
				CLANG_WARN_RANGE_LOOP_ANALYSIS = YES;
				CLANG_WARN_STRICT_PROTOTYPES = YES;
				CLANG_WARN_SUSPICIOUS_MOVE = YES;
				CLANG_WARN_UNGUARDED_AVAILABILITY = YES_AGGRESSIVE;
				CLANG_WARN_UNREACHABLE_CODE = YES;
				CLANG_WARN__DUPLICATE_METHOD_MATCH = YES;
				COPY_PHASE_STRIP = NO;
				DEBUG_INFORMATION_FORMAT = "dwarf-with-dsym";
				DEVELOPMENT_TEAM = 9MR2493467;
				ENABLE_NS_ASSERTIONS = NO;
				ENABLE_STRICT_OBJC_MSGSEND = YES;
				ENABLE_USER_SCRIPT_SANDBOXING = YES;
				GCC_C_LANGUAGE_STANDARD = gnu17;
				GCC_NO_COMMON_BLOCKS = YES;
				GCC_WARN_64_TO_32_BIT_CONVERSION = YES;
				GCC_WARN_ABOUT_RETURN_TYPE = YES_ERROR;
				GCC_WARN_UNDECLARED_SELECTOR = YES;
				GCC_WARN_UNINITIALIZED_AUTOS = YES_AGGRESSIVE;
				GCC_WARN_UNUSED_FUNCTION = YES;
				GCC_WARN_UNUSED_VARIABLE = YES;
				IPHONEOS_DEPLOYMENT_TARGET = 17.6;
				LOCALIZATION_PREFERS_STRING_CATALOGS = YES;
				MTL_ENABLE_DEBUG_INFO = NO;
				MTL_FAST_MATH = YES;
				SDKROOT = iphoneos;
				SWIFT_COMPILATION_MODE = wholemodule;
				VALIDATE_PRODUCT = YES;
			};
			name = Release;
		};
		5D1950C72DB518A00099CE8E /* Debug */ = {
			isa = XCBuildConfiguration;
			buildSettings = {
				ASSETCATALOG_COMPILER_APPICON_NAME = AppIcon;
				ASSETCATALOG_COMPILER_GLOBAL_ACCENT_COLOR_NAME = AccentColor;
				CODE_SIGN_STYLE = Automatic;
				CURRENT_PROJECT_VERSION = 1;
				DEVELOPMENT_TEAM = 9MR2493467;
				ENABLE_PREVIEWS = YES;
				GENERATE_INFOPLIST_FILE = YES;
				INFOPLIST_FILE = LinguaLens/Info.plist;
				INFOPLIST_KEY_NSCameraUsageDescription = "To take photos for OCR translation.\n";
				INFOPLIST_KEY_NSPhotoLibraryUsageDescription = "To access photos for text recognition.\n";
				INFOPLIST_KEY_UIApplicationSceneManifest_Generation = YES;
				INFOPLIST_KEY_UIApplicationSupportsIndirectInputEvents = YES;
				INFOPLIST_KEY_UILaunchScreen_Generation = YES;
				INFOPLIST_KEY_UISupportedInterfaceOrientations_iPad = "UIInterfaceOrientationPortrait UIInterfaceOrientationPortraitUpsideDown UIInterfaceOrientationLandscapeLeft UIInterfaceOrientationLandscapeRight";
				INFOPLIST_KEY_UISupportedInterfaceOrientations_iPhone = "UIInterfaceOrientationPortrait UIInterfaceOrientationLandscapeLeft UIInterfaceOrientationLandscapeRight";
				IPHONEOS_DEPLOYMENT_TARGET = 17.6;
				LD_RUNPATH_SEARCH_PATHS = (
					"$(inherited)",
					"@executable_path/Frameworks",
				);
				MARKETING_VERSION = 1.0;
				PRODUCT_BUNDLE_IDENTIFIER = com.lingualens.LinguaLens;
				PRODUCT_NAME = "$(TARGET_NAME)";
				SWIFT_EMIT_LOC_STRINGS = YES;
				SWIFT_VERSION = 5.0;
				TARGETED_DEVICE_FAMILY = "1,2";
			};
			name = Debug;
		};
		5D1950C82DB518A00099CE8E /* Release */ = {
			isa = XCBuildConfiguration;
			buildSettings = {
				ASSETCATALOG_COMPILER_APPICON_NAME = AppIcon;
				ASSETCATALOG_COMPILER_GLOBAL_ACCENT_COLOR_NAME = AccentColor;
				CODE_SIGN_STYLE = Automatic;
				CURRENT_PROJECT_VERSION = 1;
				DEVELOPMENT_TEAM = 9MR2493467;
				ENABLE_PREVIEWS = YES;
				GENERATE_INFOPLIST_FILE = YES;
				INFOPLIST_FILE = LinguaLens/Info.plist;
				INFOPLIST_KEY_NSCameraUsageDescription = "To take photos for OCR translation.\n";
				INFOPLIST_KEY_NSPhotoLibraryUsageDescription = "To access photos for text recognition.\n";
				INFOPLIST_KEY_UIApplicationSceneManifest_Generation = YES;
				INFOPLIST_KEY_UIApplicationSupportsIndirectInputEvents = YES;
				INFOPLIST_KEY_UILaunchScreen_Generation = YES;
				INFOPLIST_KEY_UISupportedInterfaceOrientations_iPad = "UIInterfaceOrientationPortrait UIInterfaceOrientationPortraitUpsideDown UIInterfaceOrientationLandscapeLeft UIInterfaceOrientationLandscapeRight";
				INFOPLIST_KEY_UISupportedInterfaceOrientations_iPhone = "UIInterfaceOrientationPortrait UIInterfaceOrientationLandscapeLeft UIInterfaceOrientationLandscapeRight";
				IPHONEOS_DEPLOYMENT_TARGET = 17.6;
				LD_RUNPATH_SEARCH_PATHS = (
					"$(inherited)",
					"@executable_path/Frameworks",
				);
				MARKETING_VERSION = 1.0;
				PRODUCT_BUNDLE_IDENTIFIER = com.lingualens.LinguaLens;
				PRODUCT_NAME = "$(TARGET_NAME)";
				SWIFT_EMIT_LOC_STRINGS = YES;
				SWIFT_VERSION = 5.0;
				TARGETED_DEVICE_FAMILY = "1,2";
			};
			name = Release;
		};
		5D1950CA2DB518A00099CE8E /* Debug */ = {
			isa = XCBuildConfiguration;
			buildSettings = {
				BUNDLE_LOADER = "$(TEST_HOST)";
				CODE_SIGN_STYLE = Automatic;
				CURRENT_PROJECT_VERSION = 1;
				DEVELOPMENT_TEAM = 9MR2493467;
				GENERATE_INFOPLIST_FILE = YES;
				IPHONEOS_DEPLOYMENT_TARGET = 18.4;
				MARKETING_VERSION = 1.0;
				PRODUCT_BUNDLE_IDENTIFIER = com.lingualens.LinguaLensTests;
				PRODUCT_NAME = "$(TARGET_NAME)";
				SWIFT_EMIT_LOC_STRINGS = NO;
				SWIFT_VERSION = 5.0;
				TARGETED_DEVICE_FAMILY = "1,2";
				TEST_HOST = "$(BUILT_PRODUCTS_DIR)/LinguaLens.app/$(BUNDLE_EXECUTABLE_FOLDER_PATH)/LinguaLens";
			};
			name = Debug;
		};
		5D1950CB2DB518A00099CE8E /* Release */ = {
			isa = XCBuildConfiguration;
			buildSettings = {
				BUNDLE_LOADER = "$(TEST_HOST)";
				CODE_SIGN_STYLE = Automatic;
				CURRENT_PROJECT_VERSION = 1;
				DEVELOPMENT_TEAM = 9MR2493467;
				GENERATE_INFOPLIST_FILE = YES;
				IPHONEOS_DEPLOYMENT_TARGET = 18.4;
				MARKETING_VERSION = 1.0;
				PRODUCT_BUNDLE_IDENTIFIER = com.lingualens.LinguaLensTests;
				PRODUCT_NAME = "$(TARGET_NAME)";
				SWIFT_EMIT_LOC_STRINGS = NO;
				SWIFT_VERSION = 5.0;
				TARGETED_DEVICE_FAMILY = "1,2";
				TEST_HOST = "$(BUILT_PRODUCTS_DIR)/LinguaLens.app/$(BUNDLE_EXECUTABLE_FOLDER_PATH)/LinguaLens";
			};
			name = Release;
		};
		5D1950CD2DB518A00099CE8E /* Debug */ = {
			isa = XCBuildConfiguration;
			buildSettings = {
				CODE_SIGN_STYLE = Automatic;
				CURRENT_PROJECT_VERSION = 1;
				DEVELOPMENT_TEAM = 9MR2493467;
				GENERATE_INFOPLIST_FILE = YES;
				MARKETING_VERSION = 1.0;
				PRODUCT_BUNDLE_IDENTIFIER = com.lingualens.LinguaLensUITests;
				PRODUCT_NAME = "$(TARGET_NAME)";
				SWIFT_EMIT_LOC_STRINGS = NO;
				SWIFT_VERSION = 5.0;
				TARGETED_DEVICE_FAMILY = "1,2";
				TEST_TARGET_NAME = LinguaLens;
			};
			name = Debug;
		};
		5D1950CE2DB518A00099CE8E /* Release */ = {
			isa = XCBuildConfiguration;
			buildSettings = {
				CODE_SIGN_STYLE = Automatic;
				CURRENT_PROJECT_VERSION = 1;
				DEVELOPMENT_TEAM = 9MR2493467;
				GENERATE_INFOPLIST_FILE = YES;
				MARKETING_VERSION = 1.0;
				PRODUCT_BUNDLE_IDENTIFIER = com.lingualens.LinguaLensUITests;
				PRODUCT_NAME = "$(TARGET_NAME)";
				SWIFT_EMIT_LOC_STRINGS = NO;
				SWIFT_VERSION = 5.0;
				TARGETED_DEVICE_FAMILY = "1,2";
				TEST_TARGET_NAME = LinguaLens;
			};
			name = Release;
		};
/* End XCBuildConfiguration section */

/* Begin XCConfigurationList section */
		5D19509E2DB5189E0099CE8E /* Build configuration list for PBXProject "LinguaLens" */ = {
			isa = XCConfigurationList;
			buildConfigurations = (
				5D1950C42DB518A00099CE8E /* Debug */,
				5D1950C52DB518A00099CE8E /* Release */,
			);
			defaultConfigurationIsVisible = 0;
			defaultConfigurationName = Release;
		};
		5D1950C62DB518A00099CE8E /* Build configuration list for PBXNativeTarget "LinguaLens" */ = {
			isa = XCConfigurationList;
			buildConfigurations = (
				5D1950C72DB518A00099CE8E /* Debug */,
				5D1950C82DB518A00099CE8E /* Release */,
			);
			defaultConfigurationIsVisible = 0;
			defaultConfigurationName = Release;
		};
		5D1950C92DB518A00099CE8E /* Build configuration list for PBXNativeTarget "LinguaLensTests" */ = {
			isa = XCConfigurationList;
			buildConfigurations = (
				5D1950CA2DB518A00099CE8E /* Debug */,
				5D1950CB2DB518A00099CE8E /* Release */,
			);
			defaultConfigurationIsVisible = 0;
			defaultConfigurationName = Release;
		};
		5D1950CC2DB518A00099CE8E /* Build configuration list for PBXNativeTarget "LinguaLensUITests" */ = {
			isa = XCConfigurationList;
			buildConfigurations = (
				5D1950CD2DB518A00099CE8E /* Debug */,
				5D1950CE2DB518A00099CE8E /* Release */,
			);
			defaultConfigurationIsVisible = 0;
			defaultConfigurationName = Release;
		};
/* End XCConfigurationList section */

/* Begin XCRemoteSwiftPackageReference section */
		5D849D462DC6ABEE00FFDE7E /* XCRemoteSwiftPackageReference "firebase-ios-sdk" */ = {
			isa = XCRemoteSwiftPackageReference;
			repositoryURL = "https://github.com/firebase/firebase-ios-sdk";
			requirement = {
				kind = upToNextMajorVersion;
				minimumVersion = 11.12.0;
			};
		};
		5D849D4F2DC6C49F00FFDE7E /* XCRemoteSwiftPackageReference "GoogleSignIn-iOS" */ = {
			isa = XCRemoteSwiftPackageReference;
			repositoryURL = "https://github.com/google/GoogleSignIn-iOS";
			requirement = {
				kind = upToNextMajorVersion;
				minimumVersion = 8.0.0;
			};
		};
		5DD8A89B2DB536F20059B368 /* XCRemoteSwiftPackageReference "SwiftyTesseract" */ = {
			isa = XCRemoteSwiftPackageReference;
			repositoryURL = "https://github.com/SwiftyTesseract/SwiftyTesseract";
			requirement = {
				kind = upToNextMajorVersion;
				minimumVersion = 4.0.1;
			};
		};
/* End XCRemoteSwiftPackageReference section */

/* Begin XCSwiftPackageProductDependency section */
		5D3BD8382DC80F60005F4487 /* FirebaseFirestoreCombine-Community */ = {
			isa = XCSwiftPackageProductDependency;
			package = 5D849D462DC6ABEE00FFDE7E /* XCRemoteSwiftPackageReference "firebase-ios-sdk" */;
			productName = "FirebaseFirestoreCombine-Community";
		};
		5D3BD83A2DC80F60005F4487 /* FirebaseInAppMessaging-Beta */ = {
			isa = XCSwiftPackageProductDependency;
			package = 5D849D462DC6ABEE00FFDE7E /* XCRemoteSwiftPackageReference "firebase-ios-sdk" */;
			productName = "FirebaseInAppMessaging-Beta";
		};
		5D3BD83C2DC80F60005F4487 /* FirebaseMessaging */ = {
			isa = XCSwiftPackageProductDependency;
			package = 5D849D462DC6ABEE00FFDE7E /* XCRemoteSwiftPackageReference "firebase-ios-sdk" */;
			productName = FirebaseMessaging;
		};
		5D3BD83E2DC80F60005F4487 /* FirebaseStorage */ = {
			isa = XCSwiftPackageProductDependency;
			package = 5D849D462DC6ABEE00FFDE7E /* XCRemoteSwiftPackageReference "firebase-ios-sdk" */;
			productName = FirebaseStorage;
		};
		5D849D472DC6ABEE00FFDE7E /* FirebaseAnalytics */ = {
			isa = XCSwiftPackageProductDependency;
			package = 5D849D462DC6ABEE00FFDE7E /* XCRemoteSwiftPackageReference "firebase-ios-sdk" */;
			productName = FirebaseAnalytics;
		};
		5D849D492DC6ABEE00FFDE7E /* FirebaseAuth */ = {
			isa = XCSwiftPackageProductDependency;
			package = 5D849D462DC6ABEE00FFDE7E /* XCRemoteSwiftPackageReference "firebase-ios-sdk" */;
			productName = FirebaseAuth;
		};
		5D849D4B2DC6ABEE00FFDE7E /* FirebaseCore */ = {
			isa = XCSwiftPackageProductDependency;
			package = 5D849D462DC6ABEE00FFDE7E /* XCRemoteSwiftPackageReference "firebase-ios-sdk" */;
			productName = FirebaseCore;
		};
		5D849D4D2DC6ABEE00FFDE7E /* FirebaseFirestore */ = {
			isa = XCSwiftPackageProductDependency;
			package = 5D849D462DC6ABEE00FFDE7E /* XCRemoteSwiftPackageReference "firebase-ios-sdk" */;
			productName = FirebaseFirestore;
		};
		5D849D502DC6C49F00FFDE7E /* GoogleSignIn */ = {
			isa = XCSwiftPackageProductDependency;
			package = 5D849D4F2DC6C49F00FFDE7E /* XCRemoteSwiftPackageReference "GoogleSignIn-iOS" */;
			productName = GoogleSignIn;
		};
		5D849D522DC6C49F00FFDE7E /* GoogleSignInSwift */ = {
			isa = XCSwiftPackageProductDependency;
			package = 5D849D4F2DC6C49F00FFDE7E /* XCRemoteSwiftPackageReference "GoogleSignIn-iOS" */;
			productName = GoogleSignInSwift;
		};
/* End XCSwiftPackageProductDependency section */
	};
	rootObject = 5D19509B2DB5189E0099CE8E /* Project object */;
}
